
Microsoft Visual Studio Solution File, Format Version 12.00
# Visual Studio Version 17
VisualStudioVersion = 17.8.34525.116
MinimumVisualStudioVersion = 10.0.40219.1
Project("{FAE04EC0-301F-11D3-BF4B-00C04F79EFBC}") = "Calculator", "Calculator\Calculator.csproj", "{A2916D52-8955-43F8-82EA-A3B2879E6723}"
EndProject
Global
	GlobalSection(SolutionConfigurationPlatforms) = preSolution
		Debug|Any CPU = Debug|Any CPU
		Release|Any CPU = Release|Any CPU
	EndGlobalSection
	GlobalSection(ProjectConfigurationPlatforms) = postSolution
		{A2916D52-8955-43F8-82EA-A3B2879E6723}.Debug|Any CPU.ActiveCfg = Debug|Any CPU
		{A2916D52-8955-43F8-82EA-A3B2879E6723}.Debug|Any CPU.Build.0 = Debug|Any CPU
		{A2916D52-8955-43F8-82EA-A3B2879E6723}.Release|Any CPU.ActiveCfg = Release|Any CPU
		{A2916D52-8955-43F8-82EA-A3B2879E6723}.Release|Any CPU.Build.0 = Release|Any CPU
	EndGlobalSection
	GlobalSection(SolutionProperties) = preSolution
		HideSolutionNode = FALSE
	EndGlobalSection
	GlobalSection(ExtensibilityGlobals) = postSolution
		SolutionGuid = {0906B7D0-50A0-4460-A356-66146279CD5D}
	EndGlobalSection
EndGlobal
